
Microsoft Visual Studio Solution File, Format Version 12.00
# Visual Studio Version 17
VisualStudioVersion = 17.10.35027.167
MinimumVisualStudioVersion = 10.0.40219.1
Project("{FAE04EC0-301F-11D3-BF4B-00C04F79EFBC}") = "R. Sum of Consecutive Odd Numbers", "R. Sum of Consecutive Odd Numbers\R. Sum of Consecutive Odd Numbers.csproj", "{0115C094-A9DD-4697-8728-F6B3174E8D8D}"
EndProject
Global
	GlobalSection(SolutionConfigurationPlatforms) = preSolution
		Debug|Any CPU = Debug|Any CPU
		Release|Any CPU = Release|Any CPU
	EndGlobalSection
	GlobalSection(ProjectConfigurationPlatforms) = postSolution
		{0115C094-A9DD-4697-8728-F6B3174E8D8D}.Debug|Any CPU.ActiveCfg = Debug|Any CPU
		{0115C094-A9DD-4697-8728-F6B3174E8D8D}.Debug|Any CPU.Build.0 = Debug|Any CPU
		{0115C094-A9DD-4697-8728-F6B3174E8D8D}.Release|Any CPU.ActiveCfg = Release|Any CPU
		{0115C094-A9DD-4697-8728-F6B3174E8D8D}.Release|Any CPU.Build.0 = Release|Any CPU
	EndGlobalSection
	GlobalSection(SolutionProperties) = preSolution
		HideSolutionNode = FALSE
	EndGlobalSection
	GlobalSection(ExtensibilityGlobals) = postSolution
		SolutionGuid = {5F571E74-9E51-400A-A1D2-585588FA800E}
	EndGlobalSection
EndGlobal
